// !$*UTF8*$!
{
	archiveVersion = 1;
	classes = {
	};
	objectVersion = 46;
	objects = {

/* Begin PBXBuildFile section */
		F5442A6E1F502EFB0044A951 /* TrackerAggregator.framework in Frameworks */ = {isa = PBXBuildFile; fileRef = F5442A641F502EFB0044A951 /* TrackerAggregator.framework */; };
		F5442A731F502EFB0044A951 /* TrackerAggregatorTests.swift in Sources */ = {isa = PBXBuildFile; fileRef = F5442A721F502EFB0044A951 /* TrackerAggregatorTests.swift */; };
		F5442A751F502EFB0044A951 /* TrackerAggregator.h in Headers */ = {isa = PBXBuildFile; fileRef = F5442A671F502EFB0044A951 /* TrackerAggregator.h */; settings = {ATTRIBUTES = (Public, ); }; };
		F5442A7F1F502F2C0044A951 /* TrackerAggregator.swift in Sources */ = {isa = PBXBuildFile; fileRef = F5442A7E1F502F2C0044A951 /* TrackerAggregator.swift */; };
/* End PBXBuildFile section */

/* Begin PBXContainerItemProxy section */
		F5442A6F1F502EFB0044A951 /* PBXContainerItemProxy */ = {
			isa = PBXContainerItemProxy;
			containerPortal = F5442A5B1F502EFB0044A951 /* Project object */;
			proxyType = 1;
			remoteGlobalIDString = F5442A631F502EFB0044A951;
			remoteInfo = TrackerAggregator;
		};
/* End PBXContainerItemProxy section */

/* Begin PBXFileReference section */
		F5442A641F502EFB0044A951 /* TrackerAggregator.framework */ = {isa = PBXFileReference; explicitFileType = wrapper.framework; includeInIndex = 0; path = TrackerAggregator.framework; sourceTree = BUILT_PRODUCTS_DIR; };
		F5442A671F502EFB0044A951 /* TrackerAggregator.h */ = {isa = PBXFileReference; lastKnownFileType = sourcecode.c.h; path = TrackerAggregator.h; sourceTree = "<group>"; };
		F5442A681F502EFB0044A951 /* Info.plist */ = {isa = PBXFileReference; lastKnownFileType = text.plist.xml; path = Info.plist; sourceTree = "<group>"; };
		F5442A6D1F502EFB0044A951 /* TrackerAggregatorTests.xctest */ = {isa = PBXFileReference; explicitFileType = wrapper.cfbundle; includeInIndex = 0; path = TrackerAggregatorTests.xctest; sourceTree = BUILT_PRODUCTS_DIR; };
		F5442A721F502EFB0044A951 /* TrackerAggregatorTests.swift */ = {isa = PBXFileReference; lastKnownFileType = sourcecode.swift; path = TrackerAggregatorTests.swift; sourceTree = "<group>"; };
		F5442A741F502EFB0044A951 /* Info.plist */ = {isa = PBXFileReference; lastKnownFileType = text.plist.xml; path = Info.plist; sourceTree = "<group>"; };
		F5442A7E1F502F2C0044A951 /* TrackerAggregator.swift */ = {isa = PBXFileReference; fileEncoding = 4; lastKnownFileType = sourcecode.swift; path = TrackerAggregator.swift; sourceTree = "<group>"; };
/* End PBXFileReference section */

/* Begin PBXFrameworksBuildPhase section */
		F5442A601F502EFB0044A951 /* Frameworks */ = {
			isa = PBXFrameworksBuildPhase;
			buildActionMask = 2147483647;
			files = (
			);
			runOnlyForDeploymentPostprocessing = 0;
		};
		F5442A6A1F502EFB0044A951 /* Frameworks */ = {
			isa = PBXFrameworksBuildPhase;
			buildActionMask = 2147483647;
			files = (
				F5442A6E1F502EFB0044A951 /* TrackerAggregator.framework in Frameworks */,
			);
			runOnlyForDeploymentPostprocessing = 0;
		};
/* End PBXFrameworksBuildPhase section */

/* Begin PBXGroup section */
		F5442A5A1F502EFB0044A951 = {
			isa = PBXGroup;
			children = (
				F5442A661F502EFB0044A951 /* TrackerAggregator */,
				F5442A711F502EFB0044A951 /* TrackerAggregatorTests */,
				F5442A651F502EFB0044A951 /* Products */,
			);
			sourceTree = "<group>";
		};
		F5442A651F502EFB0044A951 /* Products */ = {
			isa = PBXGroup;
			children = (
				F5442A641F502EFB0044A951 /* TrackerAggregator.framework */,
				F5442A6D1F502EFB0044A951 /* TrackerAggregatorTests.xctest */,
			);
			name = Products;
			sourceTree = "<group>";
		};
		F5442A661F502EFB0044A951 /* TrackerAggregator */ = {
			isa = PBXGroup;
			children = (
				F5442A671F502EFB0044A951 /* TrackerAggregator.h */,
				F5442A681F502EFB0044A951 /* Info.plist */,
				F5442A7E1F502F2C0044A951 /* TrackerAggregator.swift */,
			);
			path = TrackerAggregator;
			sourceTree = "<group>";
		};
		F5442A711F502EFB0044A951 /* TrackerAggregatorTests */ = {
			isa = PBXGroup;
			children = (
				F5442A721F502EFB0044A951 /* TrackerAggregatorTests.swift */,
				F5442A741F502EFB0044A951 /* Info.plist */,
			);
			path = TrackerAggregatorTests;
			sourceTree = "<group>";
		};
/* End PBXGroup section */

/* Begin PBXHeadersBuildPhase section */
		F5442A611F502EFB0044A951 /* Headers */ = {
			isa = PBXHeadersBuildPhase;
			buildActionMask = 2147483647;
			files = (
				F5442A751F502EFB0044A951 /* TrackerAggregator.h in Headers */,
			);
			runOnlyForDeploymentPostprocessing = 0;
		};
/* End PBXHeadersBuildPhase section */

/* Begin PBXNativeTarget section */
		F5442A631F502EFB0044A951 /* TrackerAggregator */ = {
			isa = PBXNativeTarget;
			buildConfigurationList = F5442A781F502EFB0044A951 /* Build configuration list for PBXNativeTarget "TrackerAggregator" */;
			buildPhases = (
				F5442A5F1F502EFB0044A951 /* Sources */,
				F5442A601F502EFB0044A951 /* Frameworks */,
				F5442A611F502EFB0044A951 /* Headers */,
				F5442A621F502EFB0044A951 /* Resources */,
			);
			buildRules = (
			);
			dependencies = (
			);
			name = TrackerAggregator;
			productName = TrackerAggregator;
			productReference = F5442A641F502EFB0044A951 /* TrackerAggregator.framework */;
			productType = "com.apple.product-type.framework";
		};
		F5442A6C1F502EFB0044A951 /* TrackerAggregatorTests */ = {
			isa = PBXNativeTarget;
			buildConfigurationList = F5442A7B1F502EFB0044A951 /* Build configuration list for PBXNativeTarget "TrackerAggregatorTests" */;
			buildPhases = (
				F5442A691F502EFB0044A951 /* Sources */,
				F5442A6A1F502EFB0044A951 /* Frameworks */,
				F5442A6B1F502EFB0044A951 /* Resources */,
			);
			buildRules = (
			);
			dependencies = (
				F5442A701F502EFB0044A951 /* PBXTargetDependency */,
			);
			name = TrackerAggregatorTests;
			productName = TrackerAggregatorTests;
			productReference = F5442A6D1F502EFB0044A951 /* TrackerAggregatorTests.xctest */;
			productType = "com.apple.product-type.bundle.unit-test";
		};
/* End PBXNativeTarget section */

/* Begin PBXProject section */
		F5442A5B1F502EFB0044A951 /* Project object */ = {
			isa = PBXProject;
			attributes = {
				LastSwiftUpdateCheck = 0830;
				LastUpgradeCheck = 0830;
				ORGANIZATIONNAME = "Rubicoin Ltd.";
				TargetAttributes = {
					F5442A631F502EFB0044A951 = {
						CreatedOnToolsVersion = 8.3.3;
						DevelopmentTeam = KP4BR89AHQ;
						LastSwiftMigration = 0830;
						ProvisioningStyle = Automatic;
					};
					F5442A6C1F502EFB0044A951 = {
						CreatedOnToolsVersion = 8.3.3;
						DevelopmentTeam = KP4BR89AHQ;
						ProvisioningStyle = Automatic;
					};
				};
			};
			buildConfigurationList = F5442A5E1F502EFB0044A951 /* Build configuration list for PBXProject "TrackerAggregator" */;
			compatibilityVersion = "Xcode 3.2";
			developmentRegion = English;
			hasScannedForEncodings = 0;
			knownRegions = (
				en,
			);
			mainGroup = F5442A5A1F502EFB0044A951;
			productRefGroup = F5442A651F502EFB0044A951 /* Products */;
			projectDirPath = "";
			projectRoot = "";
			targets = (
				F5442A631F502EFB0044A951 /* TrackerAggregator */,
				F5442A6C1F502EFB0044A951 /* TrackerAggregatorTests */,
			);
		};
/* End PBXProject section */

/* Begin PBXResourcesBuildPhase section */
		F5442A621F502EFB0044A951 /* Resources */ = {
			isa = PBXResourcesBuildPhase;
			buildActionMask = 2147483647;
			files = (
			);
			runOnlyForDeploymentPostprocessing = 0;
		};
		F5442A6B1F502EFB0044A951 /* Resources */ = {
			isa = PBXResourcesBuildPhase;
			buildActionMask = 2147483647;
			files = (
			);
			runOnlyForDeploymentPostprocessing = 0;
		};
/* End PBXResourcesBuildPhase section */

/* Begin PBXSourcesBuildPhase section */
		F5442A5F1F502EFB0044A951 /* Sources */ = {
			isa = PBXSourcesBuildPhase;
			buildActionMask = 2147483647;
			files = (
				F5442A7F1F502F2C0044A951 /* TrackerAggregator.swift in Sources */,
			);
			runOnlyForDeploymentPostprocessing = 0;
		};
		F5442A691F502EFB0044A951 /* Sources */ = {
			isa = PBXSourcesBuildPhase;
			buildActionMask = 2147483647;
			files = (
				F5442A731F502EFB0044A951 /* TrackerAggregatorTests.swift in Sources */,
			);
			runOnlyForDeploymentPostprocessing = 0;
		};
/* End PBXSourcesBuildPhase section */

/* Begin PBXTargetDependency section */
		F5442A701F502EFB0044A951 /* PBXTargetDependency */ = {
			isa = PBXTargetDependency;
			target = F5442A631F502EFB0044A951 /* TrackerAggregator */;
			targetProxy = F5442A6F1F502EFB0044A951 /* PBXContainerItemProxy */;
		};
/* End PBXTargetDependency section */

/* Begin XCBuildConfiguration section */
		F5442A761F502EFB0044A951 /* Debug */ = {
			isa = XCBuildConfiguration;
			buildSettings = {
				ALWAYS_SEARCH_USER_PATHS = NO;
				CLANG_ANALYZER_NONNULL = YES;
				CLANG_ANALYZER_NUMBER_OBJECT_CONVERSION = YES_AGGRESSIVE;
				CLANG_CXX_LANGUAGE_STANDARD = "gnu++0x";
				CLANG_CXX_LIBRARY = "libc++";
				CLANG_ENABLE_MODULES = YES;
				CLANG_ENABLE_OBJC_ARC = YES;
				CLANG_WARN_BOOL_CONVERSION = YES;
				CLANG_WARN_CONSTANT_CONVERSION = YES;
				CLANG_WARN_DIRECT_OBJC_ISA_USAGE = YES_ERROR;
				CLANG_WARN_DOCUMENTATION_COMMENTS = YES;
				CLANG_WARN_EMPTY_BODY = YES;
				CLANG_WARN_ENUM_CONVERSION = YES;
				CLANG_WARN_INFINITE_RECURSION = YES;
				CLANG_WARN_INT_CONVERSION = YES;
				CLANG_WARN_OBJC_ROOT_CLASS = YES_ERROR;
				CLANG_WARN_SUSPICIOUS_MOVE = YES;
				CLANG_WARN_UNREACHABLE_CODE = YES;
				CLANG_WARN__DUPLICATE_METHOD_MATCH = YES;
				"CODE_SIGN_IDENTITY[sdk=iphoneos*]" = "iPhone Developer";
				COPY_PHASE_STRIP = NO;
				CURRENT_PROJECT_VERSION = 1;
				DEBUG_INFORMATION_FORMAT = dwarf;
				ENABLE_STRICT_OBJC_MSGSEND = YES;
				ENABLE_TESTABILITY = YES;
				GCC_C_LANGUAGE_STANDARD = gnu99;
				GCC_DYNAMIC_NO_PIC = NO;
				GCC_NO_COMMON_BLOCKS = YES;
				GCC_OPTIMIZATION_LEVEL = 0;
				GCC_PREPROCESSOR_DEFINITIONS = (
					"DEBUG=1",
					"$(inherited)",
				);
				GCC_WARN_64_TO_32_BIT_CONVERSION = YES;
				GCC_WARN_ABOUT_RETURN_TYPE = YES_ERROR;
				GCC_WARN_UNDECLARED_SELECTOR = YES;
				GCC_WARN_UNINITIALIZED_AUTOS = YES_AGGRESSIVE;
				GCC_WARN_UNUSED_FUNCTION = YES;
				GCC_WARN_UNUSED_VARIABLE = YES;
				IPHONEOS_DEPLOYMENT_TARGET = 10.3;
				MTL_ENABLE_DEBUG_INFO = YES;
				ONLY_ACTIVE_ARCH = YES;
				SDKROOT = iphoneos;
				SWIFT_ACTIVE_COMPILATION_CONDITIONS = DEBUG;
				SWIFT_OPTIMIZATION_LEVEL = "-Onone";
				TARGETED_DEVICE_FAMILY = "1,2";
				VERSIONING_SYSTEM = "apple-generic";
				VERSION_INFO_PREFIX = "";
			};
			name = Debug;
		};
		F5442A771F502EFB0044A951 /* Release */ = {
			isa = XCBuildConfiguration;
			buildSettings = {
				ALWAYS_SEARCH_USER_PATHS = NO;
				CLANG_ANALYZER_NONNULL = YES;
				CLANG_ANALYZER_NUMBER_OBJECT_CONVERSION = YES_AGGRESSIVE;
				CLANG_CXX_LANGUAGE_STANDARD = "gnu++0x";
				CLANG_CXX_LIBRARY = "libc++";
				CLANG_ENABLE_MODULES = YES;
				CLANG_ENABLE_OBJC_ARC = YES;
				CLANG_WARN_BOOL_CONVERSION = YES;
				CLANG_WARN_CONSTANT_CONVERSION = YES;
				CLANG_WARN_DIRECT_OBJC_ISA_USAGE = YES_ERROR;
				CLANG_WARN_DOCUMENTATION_COMMENTS = YES;
				CLANG_WARN_EMPTY_BODY = YES;
				CLANG_WARN_ENUM_CONVERSION = YES;
				CLANG_WARN_INFINITE_RECURSION = YES;
				CLANG_WARN_INT_CONVERSION = YES;
				CLANG_WARN_OBJC_ROOT_CLASS = YES_ERROR;
				CLANG_WARN_SUSPICIOUS_MOVE = YES;
				CLANG_WARN_UNREACHABLE_CODE = YES;
				CLANG_WARN__DUPLICATE_METHOD_MATCH = YES;
				"CODE_SIGN_IDENTITY[sdk=iphoneos*]" = "iPhone Developer";
				COPY_PHASE_STRIP = NO;
				CURRENT_PROJECT_VERSION = 1;
				DEBUG_INFORMATION_FORMAT = "dwarf-with-dsym";
				ENABLE_NS_ASSERTIONS = NO;
				ENABLE_STRICT_OBJC_MSGSEND = YES;
				GCC_C_LANGUAGE_STANDARD = gnu99;
				GCC_NO_COMMON_BLOCKS = YES;
				GCC_WARN_64_TO_32_BIT_CONVERSION = YES;
				GCC_WARN_ABOUT_RETURN_TYPE = YES_ERROR;
				GCC_WARN_UNDECLARED_SELECTOR = YES;
				GCC_WARN_UNINITIALIZED_AUTOS = YES_AGGRESSIVE;
				GCC_WARN_UNUSED_FUNCTION = YES;
				GCC_WARN_UNUSED_VARIABLE = YES;
				IPHONEOS_DEPLOYMENT_TARGET = 10.3;
				MTL_ENABLE_DEBUG_INFO = NO;
				SDKROOT = iphoneos;
				SWIFT_OPTIMIZATION_LEVEL = "-Owholemodule";
				TARGETED_DEVICE_FAMILY = "1,2";
				VALIDATE_PRODUCT = YES;
				VERSIONING_SYSTEM = "apple-generic";
				VERSION_INFO_PREFIX = "";
			};
			name = Release;
		};
		F5442A791F502EFB0044A951 /* Debug */ = {
			isa = XCBuildConfiguration;
			buildSettings = {
				CLANG_ENABLE_MODULES = YES;
				CODE_SIGN_IDENTITY = "";
				DEFINES_MODULE = YES;
				DEVELOPMENT_TEAM = KP4BR89AHQ;
				DYLIB_COMPATIBILITY_VERSION = 1;
				DYLIB_CURRENT_VERSION = 1;
				DYLIB_INSTALL_NAME_BASE = "@rpath";
				INFOPLIST_FILE = TrackerAggregator/Info.plist;
				INSTALL_PATH = "$(LOCAL_LIBRARY_DIR)/Frameworks";
				LD_RUNPATH_SEARCH_PATHS = "$(inherited) @executable_path/Frameworks @loader_path/Frameworks";
				PRODUCT_BUNDLE_IDENTIFIER = com.rubicoin.TrackerAggregator;
				PRODUCT_NAME = "$(TARGET_NAME)";
				SKIP_INSTALL = YES;
				SWIFT_OPTIMIZATION_LEVEL = "-Onone";
				SWIFT_VERSION = 3.0;
			};
			name = Debug;
		};
		F5442A7A1F502EFB0044A951 /* Release */ = {
			isa = XCBuildConfiguration;
			buildSettings = {
				CLANG_ENABLE_MODULES = YES;
				CODE_SIGN_IDENTITY = "";
				DEFINES_MODULE = YES;
				DEVELOPMENT_TEAM = KP4BR89AHQ;
				DYLIB_COMPATIBILITY_VERSION = 1;
				DYLIB_CURRENT_VERSION = 1;
				DYLIB_INSTALL_NAME_BASE = "@rpath";
				INFOPLIST_FILE = TrackerAggregator/Info.plist;
				INSTALL_PATH = "$(LOCAL_LIBRARY_DIR)/Frameworks";
				LD_RUNPATH_SEARCH_PATHS = "$(inherited) @executable_path/Frameworks @loader_path/Frameworks";
				PRODUCT_BUNDLE_IDENTIFIER = com.rubicoin.TrackerAggregator;
				PRODUCT_NAME = "$(TARGET_NAME)";
				SKIP_INSTALL = YES;
				SWIFT_VERSION = 3.0;
			};
			name = Release;
		};
		F5442A7C1F502EFB0044A951 /* Debug */ = {
			isa = XCBuildConfiguration;
			buildSettings = {
				ALWAYS_EMBED_SWIFT_STANDARD_LIBRARIES = YES;
				DEVELOPMENT_TEAM = KP4BR89AHQ;
				INFOPLIST_FILE = TrackerAggregatorTests/Info.plist;
				LD_RUNPATH_SEARCH_PATHS = "$(inherited) @executable_path/Frameworks @loader_path/Frameworks";
				PRODUCT_BUNDLE_IDENTIFIER = com.rubicoin.TrackerAggregatorTests;
				PRODUCT_NAME = "$(TARGET_NAME)";
				SWIFT_VERSION = 3.0;
			};
			name = Debug;
		};
		F5442A7D1F502EFB0044A951 /* Release */ = {
			isa = XCBuildConfiguration;
			buildSettings = {
				ALWAYS_EMBED_SWIFT_STANDARD_LIBRARIES = YES;
				DEVELOPMENT_TEAM = KP4BR89AHQ;
				INFOPLIST_FILE = TrackerAggregatorTests/Info.plist;
				LD_RUNPATH_SEARCH_PATHS = "$(inherited) @executable_path/Frameworks @loader_path/Frameworks";
				PRODUCT_BUNDLE_IDENTIFIER = com.rubicoin.TrackerAggregatorTests;
				PRODUCT_NAME = "$(TARGET_NAME)";
				SWIFT_VERSION = 3.0;
			};
			name = Release;
		};
/* End XCBuildConfiguration section */

/* Begin XCConfigurationList section */
		F5442A5E1F502EFB0044A951 /* Build configuration list for PBXProject "TrackerAggregator" */ = {
			isa = XCConfigurationList;
			buildConfigurations = (
				F5442A761F502EFB0044A951 /* Debug */,
				F5442A771F502EFB0044A951 /* Release */,
			);
			defaultConfigurationIsVisible = 0;
			defaultConfigurationName = Release;
		};
		F5442A781F502EFB0044A951 /* Build configuration list for PBXNativeTarget "TrackerAggregator" */ = {
			isa = XCConfigurationList;
			buildConfigurations = (
				F5442A791F502EFB0044A951 /* Debug */,
				F5442A7A1F502EFB0044A951 /* Release */,
			);
			defaultConfigurationIsVisible = 0;
		};
		F5442A7B1F502EFB0044A951 /* Build configuration list for PBXNativeTarget "TrackerAggregatorTests" */ = {
			isa = XCConfigurationList;
			buildConfigurations = (
				F5442A7C1F502EFB0044A951 /* Debug */,
				F5442A7D1F502EFB0044A951 /* Release */,
			);
			defaultConfigurationIsVisible = 0;
		};
/* End XCConfigurationList section */
	};
	rootObject = F5442A5B1F502EFB0044A951 /* Project object */;
}
